<?xml version="1.0" encoding="utf-8"?>
<Project ToolsVersion="4.0" xmlns="http://schemas.microsoft.com/developer/msbuild/2003">
  <ItemGroup>
    <Filter Include="资源文件">
      <UniqueIdentifier>{67DA6AB6-F800-4c08-8B7A-83BB121AAD01}</UniqueIdentifier>
      <Extensions>rc;ico;cur;bmp;dlg;rc2;rct;bin;rgs;gif;jpg;jpeg;jpe;resx;tiff;tif;png;wav;mfcribbon-ms</Extensions>
    </Filter>
    <Filter Include="eck">
      <UniqueIdentifier>{27351c93-bde3-4702-b1d2-bda103ce0336}</UniqueIdentifier>
    </Filter>
    <Filter Include="对话框">
      <UniqueIdentifier>{ca31d39b-268e-43c4-95f9-334246d266fd}</UniqueIdentifier>
    </Filter>
    <Filter Include="窗体">
      <UniqueIdentifier>{d266f4cb-0256-498b-a01d-ec5a1924f179}</UniqueIdentifier>
    </Filter>
    <Filter Include="程序">
      <UniqueIdentifier>{31e935f0-d736-4242-9d51-5f67f59dc585}</UniqueIdentifier>
    </Filter>
    <Filter Include="Bass">
      <UniqueIdentifier>{49f0854d-4a1f-4269-b01c-c2d6a51d6324}</UniqueIdentifier>
    </Filter>
    <Filter Include="视觉对象">
      <UniqueIdentifier>{1291a46f-fdb7-4fe5-ac6b-9c71210f4e33}</UniqueIdentifier>
    </Filter>
    <Filter Include="控件">
      <UniqueIdentifier>{ebd24187-ce72-41a2-a47d-7039b4772248}</UniqueIdentifier>
    </Filter>
  </ItemGroup>
  <ItemGroup>
    <ClInclude Include="CDlgBookmark.h">
      <Filter>对话框</Filter>
    </ClInclude>
    <ClInclude Include="CDlgListFile.h">
      <Filter>对话框</Filter>
    </ClInclude>
    <ClInclude Include="CDlgNewBookmark.h">
      <Filter>对话框</Filter>
    </ClInclude>
    <ClInclude Include="CWndBK.h">
      <Filter>窗体</Filter>
    </ClInclude>
    <ClInclude Include="CWndList.h">
      <Filter>窗体</Filter>
    </ClInclude>
    <ClInclude Include="CWndMain.h">
      <Filter>窗体</Filter>
    </ClInclude>
    <ClInclude Include="CApp.h">
      <Filter>程序</Filter>
    </ClInclude>
    <ClInclude Include="COptionsMgr.h">
      <Filter>程序</Filter>
    </ClInclude>
    <ClInclude Include="CPlayer.h">
      <Filter>程序</Filter>
    </ClInclude>
    <ClInclude Include="CPlayList.h">
      <Filter>程序</Filter>
    </ClInclude>
    <ClInclude Include="CPlayListFile.h">
      <Filter>程序</Filter>
    </ClInclude>
    <ClInclude Include="Entry.h">
      <Filter>程序</Filter>
    </ClInclude>
    <ClInclude Include="Resource.h">
      <Filter>程序</Filter>
    </ClInclude>
    <ClInclude Include="targetver.h">
      <Filter>程序</Filter>
    </ClInclude>
    <ClInclude Include="Utils.h">
      <Filter>程序</Filter>
    </ClInclude>
    <ClInclude Include="bass.h">
      <Filter>Bass</Filter>
    </ClInclude>
    <ClInclude Include="bass_fx.h">
      <Filter>Bass</Filter>
    </ClInclude>
    <ClInclude Include="bassmidi.h">
      <Filter>Bass</Filter>
    </ClInclude>
    <ClInclude Include="CBass.h">
      <Filter>Bass</Filter>
    </ClInclude>
    <ClInclude Include="DragDrop.h">
      <Filter>程序</Filter>
    </ClInclude>
    <ClInclude Include="CSimpleList.h">
      <Filter>视觉对象</Filter>
    </ClInclude>
    <ClInclude Include="CDlgAbout.h">
      <Filter>对话框</Filter>
    </ClInclude>
    <ClInclude Include="CWndLrc.h">
      <Filter>窗体</Filter>
    </ClInclude>
    <ClInclude Include="CTBList.h">
      <Filter>控件</Filter>
    </ClInclude>
    <ClInclude Include="CTbGhost.h">
      <Filter>窗体</Filter>
    </ClInclude>
    <ClInclude Include="CLVPlay.h">
      <Filter>控件</Filter>
    </ClInclude>
  </ItemGroup>
  <ItemGroup>
    <ClCompile Include="CDlgBookmark.cpp">
      <Filter>对话框</Filter>
    </ClCompile>
    <ClCompile Include="CDlgListFile.cpp">
      <Filter>对话框</Filter>
    </ClCompile>
    <ClCompile Include="CDlgNewBookmark.cpp">
      <Filter>对话框</Filter>
    </ClCompile>
    <ClCompile Include="CWndBK.cpp">
      <Filter>窗体</Filter>
    </ClCompile>
    <ClCompile Include="CWndList.cpp">
      <Filter>窗体</Filter>
    </ClCompile>
    <ClCompile Include="CWndMain.cpp">
      <Filter>窗体</Filter>
    </ClCompile>
    <ClCompile Include="CApp.cpp">
      <Filter>程序</Filter>
    </ClCompile>
    <ClCompile Include="COptionsMgr.cpp">
      <Filter>程序</Filter>
    </ClCompile>
    <ClCompile Include="CPlayer.cpp">
      <Filter>程序</Filter>
    </ClCompile>
    <ClCompile Include="CPlayListFile.cpp">
      <Filter>程序</Filter>
    </ClCompile>
    <ClCompile Include="CPlayList.cpp">
      <Filter>程序</Filter>
    </ClCompile>
    <ClCompile Include="Entry.cpp">
      <Filter>程序</Filter>
    </ClCompile>
    <ClCompile Include="Utils.cpp">
      <Filter>程序</Filter>
    </ClCompile>
    <ClCompile Include="CBass.cpp">
      <Filter>Bass</Filter>
    </ClCompile>
    <ClCompile Include="DragDrop.cpp">
      <Filter>程序</Filter>
    </ClCompile>
    <ClCompile Include="CUILrc.cpp">
      <Filter>视觉对象</Filter>
    </ClCompile>
    <ClCompile Include="CSimpleList.cpp">
      <Filter>视觉对象</Filter>
    </ClCompile>
    <ClCompile Include="CUIElem.cpp">
      <Filter>视觉对象</Filter>
    </ClCompile>
    <ClCompile Include="CUIAlbum.cpp">
      <Filter>视觉对象</Filter>
    </ClCompile>
    <ClCompile Include="CUIAlbumRotating.cpp">
      <Filter>视觉对象</Filter>
    </ClCompile>
    <ClCompile Include="CUIWaves.cpp">
      <Filter>视觉对象</Filter>
    </ClCompile>
    <ClCompile Include="CUISpe.cpp">
      <Filter>视觉对象</Filter>
    </ClCompile>
    <ClCompile Include="CUISpe2.cpp">
      <Filter>视觉对象</Filter>
    </ClCompile>
    <ClCompile Include="CUIInfo.cpp">
      <Filter>视觉对象</Filter>
    </ClCompile>
    <ClCompile Include="CUIPlayingCtrl.cpp">
      <Filter>视觉对象</Filter>
    </ClCompile>
    <ClCompile Include="CDlgAbout.cpp">
      <Filter>对话框</Filter>
    </ClCompile>
    <ClCompile Include="CWndLrc.cpp">
      <Filter>窗体</Filter>
    </ClCompile>
    <ClCompile Include="$(ECK_INCLUDE)\eck\ECK.cpp" />
    <ClCompile Include="CUIProgressBar.cpp">
      <Filter>视觉对象</Filter>
    </ClCompile>
    <ClCompile Include="CUIVolTrackBar.cpp">
      <Filter>视觉对象</Filter>
    </ClCompile>
    <ClCompile Include="CTbGhost.cpp">
      <Filter>窗体</Filter>
    </ClCompile>
    <ClCompile Include="CTBList.cpp">
      <Filter>控件</Filter>
    </ClCompile>
    <ClCompile Include="CLVPlay.cpp">
      <Filter>控件</Filter>
    </ClCompile>
  </ItemGroup>
  <ItemGroup>
    <ResourceCompile Include="PlayerNew.rc">
      <Filter>资源文件</Filter>
    </ResourceCompile>
  </ItemGroup>
  <ItemGroup>
    <None Include=".\Tools\CompileTime" />
    <None Include=".\Tools\CompileCount" />
    <None Include="..\Tools\CompileCount" />
    <None Include="..\Tools\CompileTime" />
  </ItemGroup>
  <ItemGroup>
    <Image Include="..\Res\Tone.png">
      <Filter>资源文件</Filter>
    </Image>
    <Image Include="..\Res\Tone.ico">
      <Filter>资源文件</Filter>
    </Image>
  </ItemGroup>
</Project>